<Solution>
  <Project Path="BlazorApp/BlazorApp.csproj" Id="8e922d5b-96c7-4fde-a8ad-c539d628d149" />
  <Project Path="BlazorFileUpload/BlazorFileUpload.csproj" Id="a978e4ca-ef7d-43da-9c94-ab4ba8a68c0f" />
  <Project Path="DevSpot/DevSpot.csproj" Id="986ff505-5ce7-4f21-a9cd-0bf82bb8f9ce" />
  <Project Path="DevSpotHome/DevSpotHome.csproj" Id="432ac7bf-7d4a-4918-b672-3eb44c27e9e0" />
  <Project Path="DiaryApp/DiaryApp.csproj" />
  <Project Path="WebDiaryAPI/WebDiaryAPI.csproj" Id="8a486a29-fc09-4eda-a3eb-2f3b7adee13a" />
</Solution>
